<?xml version="1.0" encoding="utf-8"?>
<Project ToolsVersion="4.0" xmlns="http://schemas.microsoft.com/developer/msbuild/2003">
  <ItemGroup>
    <Filter Include="Fichiers sources">
      <UniqueIdentifier>{4FC737F1-C7A5-4376-A066-2A32D752A2FF}</UniqueIdentifier>
      <Extensions>cpp;c;cc;cxx;c++;cppm;ixx;def;odl;idl;hpj;bat;asm;asmx</Extensions>
    </Filter>
    <Filter Include="Fichiers d%27en-tête">
      <UniqueIdentifier>{93995380-89BD-4b04-88EB-625FBE52EBFB}</UniqueIdentifier>
      <Extensions>h;hh;hpp;hxx;h++;hm;inl;inc;ipp;xsd</Extensions>
    </Filter>
    <Filter Include="Fichiers de ressources">
      <UniqueIdentifier>{67DA6AB6-F800-4c08-8B7A-83BB121AAD01}</UniqueIdentifier>
      <Extensions>rc;ico;cur;bmp;dlg;rc2;rct;bin;rgs;gif;jpg;jpeg;jpe;resx;tiff;tif;png;wav;mfcribbon-ms</Extensions>
    </Filter>
    <Filter Include="Fichiers de ressources\Engine">
      <UniqueIdentifier>{a8e083c6-ad12-46db-b8d7-c244caafdbe4}</UniqueIdentifier>
    </Filter>
    <Filter Include="Fichiers de ressources\Game">
      <UniqueIdentifier>{79578da3-c990-420a-810c-814283e39385}</UniqueIdentifier>
    </Filter>
    <Filter Include="Fichiers sources\Engine">
      <UniqueIdentifier>{427636f6-7b91-447a-9708-0a3e786f260b}</UniqueIdentifier>
    </Filter>
    <Filter Include="Fichiers sources\Game">
      <UniqueIdentifier>{d2e24482-a44a-42e5-9b04-02faf3cfbf2a}</UniqueIdentifier>
    </Filter>
  </ItemGroup>
  <ItemGroup>
    <ClCompile Include="AssetsList.cpp">
      <Filter>Fichiers sources\Engine</Filter>
    </ClCompile>
    <ClCompile Include="Cursor.cpp">
      <Filter>Fichiers sources\Game</Filter>
    </ClCompile>
    <ClCompile Include="Engine.cpp">
      <Filter>Fichiers sources\Engine</Filter>
    </ClCompile>
    <ClCompile Include="Actor.cpp">
      <Filter>Fichiers sources\Engine</Filter>
    </ClCompile>
    <ClCompile Include="Terrain.cpp">
      <Filter>Fichiers sources\Engine</Filter>
    </ClCompile>
    <ClCompile Include="UI_TilesMenu.cpp">
      <Filter>Fichiers sources</Filter>
    </ClCompile>
    <ClCompile Include="main.cpp">
      <Filter>Fichiers sources\Engine</Filter>
    </ClCompile>
  </ItemGroup>
  <ItemGroup>
    <ClInclude Include="AssetsList.h">
      <Filter>Fichiers de ressources\Engine</Filter>
    </ClInclude>
    <ClInclude Include="Cursor.h">
      <Filter>Fichiers de ressources\Game</Filter>
    </ClInclude>
    <ClInclude Include="DrawScreen.h">
      <Filter>Fichiers de ressources\Engine</Filter>
    </ClInclude>
    <ClInclude Include="Engine.h">
      <Filter>Fichiers de ressources\Engine</Filter>
    </ClInclude>
    <ClInclude Include="Actor.h">
      <Filter>Fichiers de ressources\Engine</Filter>
    </ClInclude>
    <ClInclude Include="Terrain.h">
      <Filter>Fichiers de ressources\Engine</Filter>
    </ClInclude>
    <ClInclude Include="UI_TilesMenu.h">
      <Filter>Fichiers de ressources\Game</Filter>
    </ClInclude>
    <ClInclude Include="ActorIncludes.h">
      <Filter>Fichiers de ressources\Engine</Filter>
    </ClInclude>
  </ItemGroup>
</Project>